// !$*UTF8*$!
{
	archiveVersion = 1;
	classes = {
	};
	objectVersion = 55;
	objects = {

/* Begin PBXBuildFile section */
		4B2D9D38289FD09A000F71AB /* AppDelegate.swift in Sources */ = {isa = PBXBuildFile; fileRef = 4B2D9D37289FD09A000F71AB /* AppDelegate.swift */; };
		4B2D9D3A289FD09A000F71AB /* SceneDelegate.swift in Sources */ = {isa = PBXBuildFile; fileRef = 4B2D9D39289FD09A000F71AB /* SceneDelegate.swift */; };
		4B2D9D3C289FD09A000F71AB /* ViewController.swift in Sources */ = {isa = PBXBuildFile; fileRef = 4B2D9D3B289FD09A000F71AB /* ViewController.swift */; };
		4B2D9D3F289FD09A000F71AB /* Main.storyboard in Resources */ = {isa = PBXBuildFile; fileRef = 4B2D9D3D289FD09A000F71AB /* Main.storyboard */; };
		4B2D9D41289FD09C000F71AB /* Assets.xcassets in Resources */ = {isa = PBXBuildFile; fileRef = 4B2D9D40289FD09C000F71AB /* Assets.xcassets */; };
		4B2D9D44289FD09C000F71AB /* LaunchScreen.storyboard in Resources */ = {isa = PBXBuildFile; fileRef = 4B2D9D42289FD09C000F71AB /* LaunchScreen.storyboard */; };
		4B2D9D72289FF248000F71AB /* LandMarkanıtkabir.jpeg in Resources */ = {isa = PBXBuildFile; fileRef = 4B2D9D6D289FF248000F71AB /* LandMarkanıtkabir.jpeg */; };
		4B2D9D73289FF248000F71AB /* LandMarkgreatwall.jpg in Resources */ = {isa = PBXBuildFile; fileRef = 4B2D9D6E289FF248000F71AB /* LandMarkgreatwall.jpg */; };
		4B2D9D74289FF248000F71AB /* LandMarkcolosseum.jpg in Resources */ = {isa = PBXBuildFile; fileRef = 4B2D9D6F289FF248000F71AB /* LandMarkcolosseum.jpg */; };
		4B2D9D75289FF248000F71AB /* LandMarktajmahal.jpg in Resources */ = {isa = PBXBuildFile; fileRef = 4B2D9D70289FF248000F71AB /* LandMarktajmahal.jpg */; };
		4B2D9D76289FF248000F71AB /* LandMarkstonehenge.jpg in Resources */ = {isa = PBXBuildFile; fileRef = 4B2D9D71289FF248000F71AB /* LandMarkstonehenge.jpg */; };
		4B2D9D78289FF78B000F71AB /* DetailViewController.swift in Sources */ = {isa = PBXBuildFile; fileRef = 4B2D9D77289FF78B000F71AB /* DetailViewController.swift */; };
/* End PBXBuildFile section */

/* Begin PBXFileReference section */
		4B2D9D34289FD09A000F71AB /* LandMarkBook.app */ = {isa = PBXFileReference; explicitFileType = wrapper.application; includeInIndex = 0; path = LandMarkBook.app; sourceTree = BUILT_PRODUCTS_DIR; };
		4B2D9D37289FD09A000F71AB /* AppDelegate.swift */ = {isa = PBXFileReference; lastKnownFileType = sourcecode.swift; path = AppDelegate.swift; sourceTree = "<group>"; };
		4B2D9D39289FD09A000F71AB /* SceneDelegate.swift */ = {isa = PBXFileReference; lastKnownFileType = sourcecode.swift; path = SceneDelegate.swift; sourceTree = "<group>"; };
		4B2D9D3B289FD09A000F71AB /* ViewController.swift */ = {isa = PBXFileReference; lastKnownFileType = sourcecode.swift; path = ViewController.swift; sourceTree = "<group>"; };
		4B2D9D3E289FD09A000F71AB /* Base */ = {isa = PBXFileReference; lastKnownFileType = file.storyboard; name = Base; path = Base.lproj/Main.storyboard; sourceTree = "<group>"; };
		4B2D9D40289FD09C000F71AB /* Assets.xcassets */ = {isa = PBXFileReference; lastKnownFileType = folder.assetcatalog; path = Assets.xcassets; sourceTree = "<group>"; };
		4B2D9D43289FD09C000F71AB /* Base */ = {isa = PBXFileReference; lastKnownFileType = file.storyboard; name = Base; path = Base.lproj/LaunchScreen.storyboard; sourceTree = "<group>"; };
		4B2D9D45289FD09C000F71AB /* Info.plist */ = {isa = PBXFileReference; lastKnownFileType = text.plist.xml; path = Info.plist; sourceTree = "<group>"; };
		4B2D9D6D289FF248000F71AB /* LandMarkanıtkabir.jpeg */ = {isa = PBXFileReference; lastKnownFileType = image.jpeg; path = "LandMarkanıtkabir.jpeg"; sourceTree = "<group>"; };
		4B2D9D6E289FF248000F71AB /* LandMarkgreatwall.jpg */ = {isa = PBXFileReference; lastKnownFileType = image.jpeg; path = LandMarkgreatwall.jpg; sourceTree = "<group>"; };
		4B2D9D6F289FF248000F71AB /* LandMarkcolosseum.jpg */ = {isa = PBXFileReference; lastKnownFileType = image.jpeg; path = LandMarkcolosseum.jpg; sourceTree = "<group>"; };
		4B2D9D70289FF248000F71AB /* LandMarktajmahal.jpg */ = {isa = PBXFileReference; lastKnownFileType = image.jpeg; path = LandMarktajmahal.jpg; sourceTree = "<group>"; };
		4B2D9D71289FF248000F71AB /* LandMarkstonehenge.jpg */ = {isa = PBXFileReference; lastKnownFileType = image.jpeg; path = LandMarkstonehenge.jpg; sourceTree = "<group>"; };
		4B2D9D77289FF78B000F71AB /* DetailViewController.swift */ = {isa = PBXFileReference; lastKnownFileType = sourcecode.swift; path = DetailViewController.swift; sourceTree = "<group>"; };
/* End PBXFileReference section */

/* Begin PBXFrameworksBuildPhase section */
		4B2D9D31289FD09A000F71AB /* Frameworks */ = {
			isa = PBXFrameworksBuildPhase;
			buildActionMask = 2147483647;
			files = (
			);
			runOnlyForDeploymentPostprocessing = 0;
		};
/* End PBXFrameworksBuildPhase section */

/* Begin PBXGroup section */
		4B2D9D2B289FD09A000F71AB = {
			isa = PBXGroup;
			children = (
				4B2D9D36289FD09A000F71AB /* LandMarkBook */,
				4B2D9D35289FD09A000F71AB /* Products */,
			);
			sourceTree = "<group>";
		};
		4B2D9D35289FD09A000F71AB /* Products */ = {
			isa = PBXGroup;
			children = (
				4B2D9D34289FD09A000F71AB /* LandMarkBook.app */,
			);
			name = Products;
			sourceTree = "<group>";
		};
		4B2D9D36289FD09A000F71AB /* LandMarkBook */ = {
			isa = PBXGroup;
			children = (
				4B2D9D37289FD09A000F71AB /* AppDelegate.swift */,
				4B2D9D39289FD09A000F71AB /* SceneDelegate.swift */,
				4B2D9D3B289FD09A000F71AB /* ViewController.swift */,
				4B2D9D77289FF78B000F71AB /* DetailViewController.swift */,
				4B2D9D3D289FD09A000F71AB /* Main.storyboard */,
				4B2D9D40289FD09C000F71AB /* Assets.xcassets */,
				4B2D9D42289FD09C000F71AB /* LaunchScreen.storyboard */,
				4B2D9D45289FD09C000F71AB /* Info.plist */,
				4B2D9D6C289FF248000F71AB /* Content */,
			);
			path = LandMarkBook;
			sourceTree = "<group>";
		};
		4B2D9D6C289FF248000F71AB /* Content */ = {
			isa = PBXGroup;
			children = (
				4B2D9D6D289FF248000F71AB /* LandMarkanıtkabir.jpeg */,
				4B2D9D6E289FF248000F71AB /* LandMarkgreatwall.jpg */,
				4B2D9D6F289FF248000F71AB /* LandMarkcolosseum.jpg */,
				4B2D9D70289FF248000F71AB /* LandMarktajmahal.jpg */,
				4B2D9D71289FF248000F71AB /* LandMarkstonehenge.jpg */,
			);
			path = Content;
			sourceTree = "<group>";
		};
/* End PBXGroup section */

/* Begin PBXNativeTarget section */
		4B2D9D33289FD09A000F71AB /* LandMarkBook */ = {
			isa = PBXNativeTarget;
			buildConfigurationList = 4B2D9D48289FD09C000F71AB /* Build configuration list for PBXNativeTarget "LandMarkBook" */;
			buildPhases = (
				4B2D9D30289FD09A000F71AB /* Sources */,
				4B2D9D31289FD09A000F71AB /* Frameworks */,
				4B2D9D32289FD09A000F71AB /* Resources */,
			);
			buildRules = (
			);
			dependencies = (
			);
			name = LandMarkBook;
			productName = LandMarkBook;
			productReference = 4B2D9D34289FD09A000F71AB /* LandMarkBook.app */;
			productType = "com.apple.product-type.application";
		};
/* End PBXNativeTarget section */

/* Begin PBXProject section */
		4B2D9D2C289FD09A000F71AB /* Project object */ = {
			isa = PBXProject;
			attributes = {
				BuildIndependentTargetsInParallel = 1;
				LastSwiftUpdateCheck = 1340;
				LastUpgradeCheck = 1340;
				TargetAttributes = {
					4B2D9D33289FD09A000F71AB = {
						CreatedOnToolsVersion = 13.4.1;
					};
				};
			};
			buildConfigurationList = 4B2D9D2F289FD09A000F71AB /* Build configuration list for PBXProject "LandMarkBook" */;
			compatibilityVersion = "Xcode 13.0";
			developmentRegion = en;
			hasScannedForEncodings = 0;
			knownRegions = (
				en,
				Base,
			);
			mainGroup = 4B2D9D2B289FD09A000F71AB;
			productRefGroup = 4B2D9D35289FD09A000F71AB /* Products */;
			projectDirPath = "";
			projectRoot = "";
			targets = (
				4B2D9D33289FD09A000F71AB /* LandMarkBook */,
			);
		};
/* End PBXProject section */

/* Begin PBXResourcesBuildPhase section */
		4B2D9D32289FD09A000F71AB /* Resources */ = {
			isa = PBXResourcesBuildPhase;
			buildActionMask = 2147483647;
			files = (
				4B2D9D74289FF248000F71AB /* LandMarkcolosseum.jpg in Resources */,
				4B2D9D73289FF248000F71AB /* LandMarkgreatwall.jpg in Resources */,
				4B2D9D44289FD09C000F71AB /* LaunchScreen.storyboard in Resources */,
				4B2D9D72289FF248000F71AB /* LandMarkanıtkabir.jpeg in Resources */,
				4B2D9D41289FD09C000F71AB /* Assets.xcassets in Resources */,
				4B2D9D75289FF248000F71AB /* LandMarktajmahal.jpg in Resources */,
				4B2D9D3F289FD09A000F71AB /* Main.storyboard in Resources */,
				4B2D9D76289FF248000F71AB /* LandMarkstonehenge.jpg in Resources */,
			);
			runOnlyForDeploymentPostprocessing = 0;
		};
/* End PBXResourcesBuildPhase section */

/* Begin PBXSourcesBuildPhase section */
		4B2D9D30289FD09A000F71AB /* Sources */ = {
			isa = PBXSourcesBuildPhase;
			buildActionMask = 2147483647;
			files = (
				4B2D9D3C289FD09A000F71AB /* ViewController.swift in Sources */,
				4B2D9D38289FD09A000F71AB /* AppDelegate.swift in Sources */,
				4B2D9D3A289FD09A000F71AB /* SceneDelegate.swift in Sources */,
				4B2D9D78289FF78B000F71AB /* DetailViewController.swift in Sources */,
			);
			runOnlyForDeploymentPostprocessing = 0;
		};
/* End PBXSourcesBuildPhase section */

/* Begin PBXVariantGroup section */
		4B2D9D3D289FD09A000F71AB /* Main.storyboard */ = {
			isa = PBXVariantGroup;
			children = (
				4B2D9D3E289FD09A000F71AB /* Base */,
			);
			name = Main.storyboard;
			sourceTree = "<group>";
		};
		4B2D9D42289FD09C000F71AB /* LaunchScreen.storyboard */ = {
			isa = PBXVariantGroup;
			children = (
				4B2D9D43289FD09C000F71AB /* Base */,
			);
			name = LaunchScreen.storyboard;
			sourceTree = "<group>";
		};
/* End PBXVariantGroup section */

/* Begin XCBuildConfiguration section */
		4B2D9D46289FD09C000F71AB /* Debug */ = {
			isa = XCBuildConfiguration;
			buildSettings = {
				ALWAYS_SEARCH_USER_PATHS = NO;
				CLANG_ANALYZER_NONNULL = YES;
				CLANG_ANALYZER_NUMBER_OBJECT_CONVERSION = YES_AGGRESSIVE;
				CLANG_CXX_LANGUAGE_STANDARD = "gnu++17";
				CLANG_ENABLE_MODULES = YES;
				CLANG_ENABLE_OBJC_ARC = YES;
				CLANG_ENABLE_OBJC_WEAK = YES;
				CLANG_WARN_BLOCK_CAPTURE_AUTORELEASING = YES;
				CLANG_WARN_BOOL_CONVERSION = YES;
				CLANG_WARN_COMMA = YES;
				CLANG_WARN_CONSTANT_CONVERSION = YES;
				CLANG_WARN_DEPRECATED_OBJC_IMPLEMENTATIONS = YES;
				CLANG_WARN_DIRECT_OBJC_ISA_USAGE = YES_ERROR;
				CLANG_WARN_DOCUMENTATION_COMMENTS = YES;
				CLANG_WARN_EMPTY_BODY = YES;
				CLANG_WARN_ENUM_CONVERSION = YES;
				CLANG_WARN_INFINITE_RECURSION = YES;
				CLANG_WARN_INT_CONVERSION = YES;
				CLANG_WARN_NON_LITERAL_NULL_CONVERSION = YES;
				CLANG_WARN_OBJC_IMPLICIT_RETAIN_SELF = YES;
				CLANG_WARN_OBJC_LITERAL_CONVERSION = YES;
				CLANG_WARN_OBJC_ROOT_CLASS = YES_ERROR;
				CLANG_WARN_QUOTED_INCLUDE_IN_FRAMEWORK_HEADER = YES;
				CLANG_WARN_RANGE_LOOP_ANALYSIS = YES;
				CLANG_WARN_STRICT_PROTOTYPES = YES;
				CLANG_WARN_SUSPICIOUS_MOVE = YES;
				CLANG_WARN_UNGUARDED_AVAILABILITY = YES_AGGRESSIVE;
				CLANG_WARN_UNREACHABLE_CODE = YES;
				CLANG_WARN__DUPLICATE_METHOD_MATCH = YES;
				COPY_PHASE_STRIP = NO;
				DEBUG_INFORMATION_FORMAT = dwarf;
				ENABLE_STRICT_OBJC_MSGSEND = YES;
				ENABLE_TESTABILITY = YES;
				GCC_C_LANGUAGE_STANDARD = gnu11;
				GCC_DYNAMIC_NO_PIC = NO;
				GCC_NO_COMMON_BLOCKS = YES;
				GCC_OPTIMIZATION_LEVEL = 0;
				GCC_PREPROCESSOR_DEFINITIONS = (
					"DEBUG=1",
					"$(inherited)",
				);
				GCC_WARN_64_TO_32_BIT_CONVERSION = YES;
				GCC_WARN_ABOUT_RETURN_TYPE = YES_ERROR;
				GCC_WARN_UNDECLARED_SELECTOR = YES;
				GCC_WARN_UNINITIALIZED_AUTOS = YES_AGGRESSIVE;
				GCC_WARN_UNUSED_FUNCTION = YES;
				GCC_WARN_UNUSED_VARIABLE = YES;
				IPHONEOS_DEPLOYMENT_TARGET = 15.5;
				MTL_ENABLE_DEBUG_INFO = INCLUDE_SOURCE;
				MTL_FAST_MATH = YES;
				ONLY_ACTIVE_ARCH = YES;
				SDKROOT = iphoneos;
				SWIFT_ACTIVE_COMPILATION_CONDITIONS = DEBUG;
				SWIFT_OPTIMIZATION_LEVEL = "-Onone";
			};
			name = Debug;
		};
		4B2D9D47289FD09C000F71AB /* Release */ = {
			isa = XCBuildConfiguration;
			buildSettings = {
				ALWAYS_SEARCH_USER_PATHS = NO;
				CLANG_ANALYZER_NONNULL = YES;
				CLANG_ANALYZER_NUMBER_OBJECT_CONVERSION = YES_AGGRESSIVE;
				CLANG_CXX_LANGUAGE_STANDARD = "gnu++17";
				CLANG_ENABLE_MODULES = YES;
				CLANG_ENABLE_OBJC_ARC = YES;
				CLANG_ENABLE_OBJC_WEAK = YES;
				CLANG_WARN_BLOCK_CAPTURE_AUTORELEASING = YES;
				CLANG_WARN_BOOL_CONVERSION = YES;
				CLANG_WARN_COMMA = YES;
				CLANG_WARN_CONSTANT_CONVERSION = YES;
				CLANG_WARN_DEPRECATED_OBJC_IMPLEMENTATIONS = YES;
				CLANG_WARN_DIRECT_OBJC_ISA_USAGE = YES_ERROR;
				CLANG_WARN_DOCUMENTATION_COMMENTS = YES;
				CLANG_WARN_EMPTY_BODY = YES;
				CLANG_WARN_ENUM_CONVERSION = YES;
				CLANG_WARN_INFINITE_RECURSION = YES;
				CLANG_WARN_INT_CONVERSION = YES;
				CLANG_WARN_NON_LITERAL_NULL_CONVERSION = YES;
				CLANG_WARN_OBJC_IMPLICIT_RETAIN_SELF = YES;
				CLANG_WARN_OBJC_LITERAL_CONVERSION = YES;
				CLANG_WARN_OBJC_ROOT_CLASS = YES_ERROR;
				CLANG_WARN_QUOTED_INCLUDE_IN_FRAMEWORK_HEADER = YES;
				CLANG_WARN_RANGE_LOOP_ANALYSIS = YES;
				CLANG_WARN_STRICT_PROTOTYPES = YES;
				CLANG_WARN_SUSPICIOUS_MOVE = YES;
				CLANG_WARN_UNGUARDED_AVAILABILITY = YES_AGGRESSIVE;
				CLANG_WARN_UNREACHABLE_CODE = YES;
				CLANG_WARN__DUPLICATE_METHOD_MATCH = YES;
				COPY_PHASE_STRIP = NO;
				DEBUG_INFORMATION_FORMAT = "dwarf-with-dsym";
				ENABLE_NS_ASSERTIONS = NO;
				ENABLE_STRICT_OBJC_MSGSEND = YES;
				GCC_C_LANGUAGE_STANDARD = gnu11;
				GCC_NO_COMMON_BLOCKS = YES;
				GCC_WARN_64_TO_32_BIT_CONVERSION = YES;
				GCC_WARN_ABOUT_RETURN_TYPE = YES_ERROR;
				GCC_WARN_UNDECLARED_SELECTOR = YES;
				GCC_WARN_UNINITIALIZED_AUTOS = YES_AGGRESSIVE;
				GCC_WARN_UNUSED_FUNCTION = YES;
				GCC_WARN_UNUSED_VARIABLE = YES;
				IPHONEOS_DEPLOYMENT_TARGET = 15.5;
				MTL_ENABLE_DEBUG_INFO = NO;
				MTL_FAST_MATH = YES;
				SDKROOT = iphoneos;
				SWIFT_COMPILATION_MODE = wholemodule;
				SWIFT_OPTIMIZATION_LEVEL = "-O";
				VALIDATE_PRODUCT = YES;
			};
			name = Release;
		};
		4B2D9D49289FD09C000F71AB /* Debug */ = {
			isa = XCBuildConfiguration;
			buildSettings = {
				ASSETCATALOG_COMPILER_APPICON_NAME = AppIcon;
				ASSETCATALOG_COMPILER_GLOBAL_ACCENT_COLOR_NAME = AccentColor;
				CODE_SIGN_STYLE = Automatic;
				CURRENT_PROJECT_VERSION = 1;
				DEVELOPMENT_TEAM = N59YMWWBBT;
				GENERATE_INFOPLIST_FILE = YES;
				INFOPLIST_FILE = LandMarkBook/Info.plist;
				INFOPLIST_KEY_UIApplicationSupportsIndirectInputEvents = YES;
				INFOPLIST_KEY_UILaunchStoryboardName = LaunchScreen;
				INFOPLIST_KEY_UIMainStoryboardFile = Main;
				INFOPLIST_KEY_UISupportedInterfaceOrientations_iPad = "UIInterfaceOrientationPortrait UIInterfaceOrientationPortraitUpsideDown UIInterfaceOrientationLandscapeLeft UIInterfaceOrientationLandscapeRight";
				INFOPLIST_KEY_UISupportedInterfaceOrientations_iPhone = "UIInterfaceOrientationPortrait UIInterfaceOrientationLandscapeLeft UIInterfaceOrientationLandscapeRight";
				LD_RUNPATH_SEARCH_PATHS = (
					"$(inherited)",
					"@executable_path/Frameworks",
				);
				MARKETING_VERSION = 1.0;
				PRODUCT_BUNDLE_IDENTIFIER = com.burkaysendogdu.LandMarkBook;
				PRODUCT_NAME = "$(TARGET_NAME)";
				SWIFT_EMIT_LOC_STRINGS = YES;
				SWIFT_VERSION = 5.0;
				TARGETED_DEVICE_FAMILY = "1,2";
			};
			name = Debug;
		};
		4B2D9D4A289FD09C000F71AB /* Release */ = {
			isa = XCBuildConfiguration;
			buildSettings = {
				ASSETCATALOG_COMPILER_APPICON_NAME = AppIcon;
				ASSETCATALOG_COMPILER_GLOBAL_ACCENT_COLOR_NAME = AccentColor;
				CODE_SIGN_STYLE = Automatic;
				CURRENT_PROJECT_VERSION = 1;
				DEVELOPMENT_TEAM = N59YMWWBBT;
				GENERATE_INFOPLIST_FILE = YES;
				INFOPLIST_FILE = LandMarkBook/Info.plist;
				INFOPLIST_KEY_UIApplicationSupportsIndirectInputEvents = YES;
				INFOPLIST_KEY_UILaunchStoryboardName = LaunchScreen;
				INFOPLIST_KEY_UIMainStoryboardFile = Main;
				INFOPLIST_KEY_UISupportedInterfaceOrientations_iPad = "UIInterfaceOrientationPortrait UIInterfaceOrientationPortraitUpsideDown UIInterfaceOrientationLandscapeLeft UIInterfaceOrientationLandscapeRight";
				INFOPLIST_KEY_UISupportedInterfaceOrientations_iPhone = "UIInterfaceOrientationPortrait UIInterfaceOrientationLandscapeLeft UIInterfaceOrientationLandscapeRight";
				LD_RUNPATH_SEARCH_PATHS = (
					"$(inherited)",
					"@executable_path/Frameworks",
				);
				MARKETING_VERSION = 1.0;
				PRODUCT_BUNDLE_IDENTIFIER = com.burkaysendogdu.LandMarkBook;
				PRODUCT_NAME = "$(TARGET_NAME)";
				SWIFT_EMIT_LOC_STRINGS = YES;
				SWIFT_VERSION = 5.0;
				TARGETED_DEVICE_FAMILY = "1,2";
			};
			name = Release;
		};
/* End XCBuildConfiguration section */

/* Begin XCConfigurationList section */
		4B2D9D2F289FD09A000F71AB /* Build configuration list for PBXProject "LandMarkBook" */ = {
			isa = XCConfigurationList;
			buildConfigurations = (
				4B2D9D46289FD09C000F71AB /* Debug */,
				4B2D9D47289FD09C000F71AB /* Release */,
			);
			defaultConfigurationIsVisible = 0;
			defaultConfigurationName = Release;
		};
		4B2D9D48289FD09C000F71AB /* Build configuration list for PBXNativeTarget "LandMarkBook" */ = {
			isa = XCConfigurationList;
			buildConfigurations = (
				4B2D9D49289FD09C000F71AB /* Debug */,
				4B2D9D4A289FD09C000F71AB /* Release */,
			);
			defaultConfigurationIsVisible = 0;
			defaultConfigurationName = Release;
		};
/* End XCConfigurationList section */
	};
	rootObject = 4B2D9D2C289FD09A000F71AB /* Project object */;
}
